
Microsoft Visual Studio Solution File, Format Version 12.00
# Visual Studio Version 17
VisualStudioVersion = 17.8.34322.80
MinimumVisualStudioVersion = 10.0.40219.1
Project("{FAE04EC0-301F-11D3-BF4B-00C04F79EFBC}") = "ReflectionExample", "ReflectionExample.csproj", "{31228137-6691-428A-A110-DE6DAEA2EB2D}"
EndProject
Global
	GlobalSection(SolutionConfigurationPlatforms) = preSolution
		Debug|Any CPU = Debug|Any CPU
		Release|Any CPU = Release|Any CPU
	EndGlobalSection
	GlobalSection(ProjectConfigurationPlatforms) = postSolution
		{31228137-6691-428A-A110-DE6DAEA2EB2D}.Debug|Any CPU.ActiveCfg = Debug|Any CPU
		{31228137-6691-428A-A110-DE6DAEA2EB2D}.Debug|Any CPU.Build.0 = Debug|Any CPU
		{31228137-6691-428A-A110-DE6DAEA2EB2D}.Release|Any CPU.ActiveCfg = Release|Any CPU
		{31228137-6691-428A-A110-DE6DAEA2EB2D}.Release|Any CPU.Build.0 = Release|Any CPU
	EndGlobalSection
	GlobalSection(SolutionProperties) = preSolution
		HideSolutionNode = FALSE
	EndGlobalSection
	GlobalSection(ExtensibilityGlobals) = postSolution
		SolutionGuid = {418006CA-BB73-4295-B013-8A13A645B5BE}
	EndGlobalSection
EndGlobal
